
Microsoft Visual Studio Solution File, Format Version 12.00
# Visual Studio Version 16
VisualStudioVersion = 16.0.32901.82
MinimumVisualStudioVersion = 10.0.40219.1
Project("{FAE04EC0-301F-11D3-BF4B-00C04F79EFBC}") = "Primeiro CRUD", "Primeiro CRUD\Primeiro CRUD.csproj", "{9106F2E2-213B-49CE-8226-77D17BEFDCB3}"
EndProject
Global
	GlobalSection(SolutionConfigurationPlatforms) = preSolution
		Debug|Any CPU = Debug|Any CPU
		Release|Any CPU = Release|Any CPU
	EndGlobalSection
	GlobalSection(ProjectConfigurationPlatforms) = postSolution
		{9106F2E2-213B-49CE-8226-77D17BEFDCB3}.Debug|Any CPU.ActiveCfg = Debug|Any CPU
		{9106F2E2-213B-49CE-8226-77D17BEFDCB3}.Debug|Any CPU.Build.0 = Debug|Any CPU
		{9106F2E2-213B-49CE-8226-77D17BEFDCB3}.Release|Any CPU.ActiveCfg = Release|Any CPU
		{9106F2E2-213B-49CE-8226-77D17BEFDCB3}.Release|Any CPU.Build.0 = Release|Any CPU
	EndGlobalSection
	GlobalSection(SolutionProperties) = preSolution
		HideSolutionNode = FALSE
	EndGlobalSection
	GlobalSection(ExtensibilityGlobals) = postSolution
		SolutionGuid = {423CE59C-562E-43C7-8FB6-24F48E65B4F2}
	EndGlobalSection
EndGlobal
